
Microsoft Visual Studio Solution File, Format Version 12.00
# Visual Studio Version 18
VisualStudioVersion = 18.8.11918.235
MinimumVisualStudioVersion = 10.0.40219.1
Project("{FAE04EC0-301F-11D3-BF4B-00C04F79EFBC}") = "Path2Grad.Domain", "Path2Grad.Domain\Path2Grad.Domain.csproj", "{5F808BEB-1D97-491D-BD18-7634400626D5}"
EndProject
Project("{FAE04EC0-301F-11D3-BF4B-00C04F79EFBC}") = "Path2Grad.Application", "Path2Grad.Application\Path2Grad.Application.csproj", "{BC8C7B5E-3728-4415-A8C3-2746219B4833}"
EndProject
Project("{FAE04EC0-301F-11D3-BF4B-00C04F79EFBC}") = "Path2Grad.infrastructure", "Path2Grad.infrastructure\Path2Grad.infrastructure.csproj", "{1618EEFF-702B-4833-AB74-41A2CD38DABB}"
EndProject
Project("{FAE04EC0-301F-11D3-BF4B-00C04F79EFBC}") = "Path2Grad.Api", "Path2Grad.Api\Path2Grad.Api.csproj", "{573772B9-D74E-463D-BCDD-7A4335329A3E}"
EndProject
Global
	GlobalSection(SolutionConfigurationPlatforms) = preSolution
		Debug|Any CPU = Debug|Any CPU
		Release|Any CPU = Release|Any CPU
	EndGlobalSection
	GlobalSection(ProjectConfigurationPlatforms) = postSolution
		{5F808BEB-1D97-491D-BD18-7634400626D5}.Debug|Any CPU.ActiveCfg = Debug|Any CPU
		{5F808BEB-1D97-491D-BD18-7634400626D5}.Debug|Any CPU.Build.0 = Debug|Any CPU
		{5F808BEB-1D97-491D-BD18-7634400626D5}.Release|Any CPU.ActiveCfg = Release|Any CPU
		{5F808BEB-1D97-491D-BD18-7634400626D5}.Release|Any CPU.Build.0 = Release|Any CPU
		{BC8C7B5E-3728-4415-A8C3-2746219B4833}.Debug|Any CPU.ActiveCfg = Debug|Any CPU
		{BC8C7B5E-3728-4415-A8C3-2746219B4833}.Debug|Any CPU.Build.0 = Debug|Any CPU
		{BC8C7B5E-3728-4415-A8C3-2746219B4833}.Release|Any CPU.ActiveCfg = Release|Any CPU
		{BC8C7B5E-3728-4415-A8C3-2746219B4833}.Release|Any CPU.Build.0 = Release|Any CPU
		{1618EEFF-702B-4833-AB74-41A2CD38DABB}.Debug|Any CPU.ActiveCfg = Debug|Any CPU
		{1618EEFF-702B-4833-AB74-41A2CD38DABB}.Debug|Any CPU.Build.0 = Debug|Any CPU
		{1618EEFF-702B-4833-AB74-41A2CD38DABB}.Release|Any CPU.ActiveCfg = Release|Any CPU
		{1618EEFF-702B-4833-AB74-41A2CD38DABB}.Release|Any CPU.Build.0 = Release|Any CPU
		{573772B9-D74E-463D-BCDD-7A4335329A3E}.Debug|Any CPU.ActiveCfg = Debug|Any CPU
		{573772B9-D74E-463D-BCDD-7A4335329A3E}.Debug|Any CPU.Build.0 = Debug|Any CPU
		{573772B9-D74E-463D-BCDD-7A4335329A3E}.Release|Any CPU.ActiveCfg = Release|Any CPU
		{573772B9-D74E-463D-BCDD-7A4335329A3E}.Release|Any CPU.Build.0 = Release|Any CPU
	EndGlobalSection
	GlobalSection(SolutionProperties) = preSolution
		HideSolutionNode = FALSE
	EndGlobalSection
	GlobalSection(ExtensibilityGlobals) = postSolution
		SolutionGuid = {538A9D15-85F7-4B1F-BBCE-1E39BEDF6A98}
	EndGlobalSection
EndGlobal
